%{"bunt": {:hex, :bunt, "0.1.5"},
  "certifi": {:hex, :certifi, "0.4.0"},
  "credo": {:hex, :credo, "0.3.10"},
  "dogma": {:hex, :dogma, "0.1.4"},
  "hackney": {:hex, :hackney, "1.5.7"},
  "html_entities": {:hex, :html_entities, "0.3.0"},
  "httpoison": {:hex, :httpoison, "0.8.2"},
  "idna": {:hex, :idna, "1.2.0"},
  "metrics": {:hex, :metrics, "1.0.1"},
  "mimerl": {:hex, :mimerl, "1.0.2"},
  "nile": {:hex, :nile, "0.1.3"},
  "poison": {:hex, :poison, "2.1.0"},
  "poolboy": {:hex, :poolboy, "1.5.1"},
  "ssl_verify_fun": {:hex, :ssl_verify_fun, "1.1.0"}}
